// !$*UTF8*$!
{
	archiveVersion = 1;
	classes = {
	};
	objectVersion = 46;
	objects = {

/* Begin PBXBuildFile section */
		3565C80816E57A4D006ED39D /* Button.png in Resources */ = {isa = PBXBuildFile; fileRef = 3565C80416E57A4D006ED39D /* Button.png */; };
		3565C80916E57A4D006ED39D /* Button@2x.png in Resources */ = {isa = PBXBuildFile; fileRef = 3565C80516E57A4D006ED39D /* Button@2x.png */; };
		3565C80A16E57A4D006ED39D /* ButtonHighlighted.png in Resources */ = {isa = PBXBuildFile; fileRef = 3565C80616E57A4D006ED39D /* ButtonHighlighted.png */; };
		3565C80B16E57A4D006ED39D /* ButtonHighlighted@2x.png in Resources */ = {isa = PBXBuildFile; fileRef = 3565C80716E57A4D006ED39D /* ButtonHighlighted@2x.png */; };
		3565C81D16E58D07006ED39D /* Gotham-Book.ttf in Resources */ = {isa = PBXBuildFile; fileRef = 3565C80D16E58D07006ED39D /* Gotham-Book.ttf */; };
		3565C81E16E58D07006ED39D /* Gotham-Black.ttf in Resources */ = {isa = PBXBuildFile; fileRef = 3565C80E16E58D07006ED39D /* Gotham-Black.ttf */; };
		3565C81F16E58D07006ED39D /* Gotham-BlackItalic.ttf in Resources */ = {isa = PBXBuildFile; fileRef = 3565C80F16E58D07006ED39D /* Gotham-BlackItalic.ttf */; };
		3565C82016E58D07006ED39D /* Gotham-Bold.ttf in Resources */ = {isa = PBXBuildFile; fileRef = 3565C81016E58D07006ED39D /* Gotham-Bold.ttf */; };
		3565C82116E58D07006ED39D /* Gotham-BoldItalic.ttf in Resources */ = {isa = PBXBuildFile; fileRef = 3565C81116E58D07006ED39D /* Gotham-BoldItalic.ttf */; };
		3565C82216E58D07006ED39D /* Gotham-BookItalic.ttf in Resources */ = {isa = PBXBuildFile; fileRef = 3565C81216E58D07006ED39D /* Gotham-BookItalic.ttf */; };
		3565C82316E58D07006ED39D /* Gotham-Light.ttf in Resources */ = {isa = PBXBuildFile; fileRef = 3565C81316E58D07006ED39D /* Gotham-Light.ttf */; };
		3565C82416E58D07006ED39D /* Gotham-LightItalic.ttf in Resources */ = {isa = PBXBuildFile; fileRef = 3565C81416E58D07006ED39D /* Gotham-LightItalic.ttf */; };
		3565C82516E58D07006ED39D /* Gotham-Medium.ttf in Resources */ = {isa = PBXBuildFile; fileRef = 3565C81516E58D07006ED39D /* Gotham-Medium.ttf */; };
		3565C82616E58D07006ED39D /* Gotham-MediumItalic.ttf in Resources */ = {isa = PBXBuildFile; fileRef = 3565C81616E58D07006ED39D /* Gotham-MediumItalic.ttf */; };
		3565C82716E58D07006ED39D /* Gotham-Thin.ttf in Resources */ = {isa = PBXBuildFile; fileRef = 3565C81716E58D07006ED39D /* Gotham-Thin.ttf */; };
		3565C82816E58D07006ED39D /* Gotham-ThinItalic.ttf in Resources */ = {isa = PBXBuildFile; fileRef = 3565C81816E58D07006ED39D /* Gotham-ThinItalic.ttf */; };
		3565C82916E58D07006ED39D /* Gotham-Ultra.ttf in Resources */ = {isa = PBXBuildFile; fileRef = 3565C81916E58D07006ED39D /* Gotham-Ultra.ttf */; };
		3565C82A16E58D07006ED39D /* Gotham-UltraItalic.ttf in Resources */ = {isa = PBXBuildFile; fileRef = 3565C81A16E58D07006ED39D /* Gotham-UltraItalic.ttf */; };
		3565C82B16E58D07006ED39D /* Gotham-XLight.ttf in Resources */ = {isa = PBXBuildFile; fileRef = 3565C81B16E58D07006ED39D /* Gotham-XLight.ttf */; };
		3565C82C16E58D07006ED39D /* Gotham-XLightItalic.ttf in Resources */ = {isa = PBXBuildFile; fileRef = 3565C81C16E58D07006ED39D /* Gotham-XLightItalic.ttf */; };
		35E2D44716E5365E00648AA7 /* UIKit.framework in Frameworks */ = {isa = PBXBuildFile; fileRef = 35E2D44616E5365E00648AA7 /* UIKit.framework */; };
		35E2D44916E5365E00648AA7 /* Foundation.framework in Frameworks */ = {isa = PBXBuildFile; fileRef = 35E2D44816E5365E00648AA7 /* Foundation.framework */; };
		35E2D44B16E5365E00648AA7 /* CoreGraphics.framework in Frameworks */ = {isa = PBXBuildFile; fileRef = 35E2D44A16E5365E00648AA7 /* CoreGraphics.framework */; };
		35E2D45116E5365E00648AA7 /* InfoPlist.strings in Resources */ = {isa = PBXBuildFile; fileRef = 35E2D44F16E5365E00648AA7 /* InfoPlist.strings */; };
		35E2D45316E5365E00648AA7 /* main.m in Sources */ = {isa = PBXBuildFile; fileRef = 35E2D45216E5365E00648AA7 /* main.m */; };
		35E2D45716E5365E00648AA7 /* CalcAppDelegate.m in Sources */ = {isa = PBXBuildFile; fileRef = 35E2D45616E5365E00648AA7 /* CalcAppDelegate.m */; };
		35E2D45916E5365E00648AA7 /* Default.png in Resources */ = {isa = PBXBuildFile; fileRef = 35E2D45816E5365E00648AA7 /* Default.png */; };
		35E2D45B16E5365E00648AA7 /* Default@2x.png in Resources */ = {isa = PBXBuildFile; fileRef = 35E2D45A16E5365E00648AA7 /* Default@2x.png */; };
		35E2D45D16E5365E00648AA7 /* Default-568h@2x.png in Resources */ = {isa = PBXBuildFile; fileRef = 35E2D45C16E5365E00648AA7 /* Default-568h@2x.png */; };
		35E2D46016E5365E00648AA7 /* CalcFirstViewController.m in Sources */ = {isa = PBXBuildFile; fileRef = 35E2D45F16E5365E00648AA7 /* CalcFirstViewController.m */; };
		35E2D46216E5365E00648AA7 /* first.png in Resources */ = {isa = PBXBuildFile; fileRef = 35E2D46116E5365E00648AA7 /* first.png */; };
		35E2D46416E5365E00648AA7 /* first@2x.png in Resources */ = {isa = PBXBuildFile; fileRef = 35E2D46316E5365E00648AA7 /* first@2x.png */; };
		35E2D46716E5365E00648AA7 /* CalcSecondViewController.m in Sources */ = {isa = PBXBuildFile; fileRef = 35E2D46616E5365E00648AA7 /* CalcSecondViewController.m */; };
		35E2D46916E5365E00648AA7 /* second.png in Resources */ = {isa = PBXBuildFile; fileRef = 35E2D46816E5365E00648AA7 /* second.png */; };
		35E2D46B16E5365E00648AA7 /* second@2x.png in Resources */ = {isa = PBXBuildFile; fileRef = 35E2D46A16E5365E00648AA7 /* second@2x.png */; };
		35E2D46E16E5365E00648AA7 /* CalcFirstViewController_iPhone.xib in Resources */ = {isa = PBXBuildFile; fileRef = 35E2D46C16E5365E00648AA7 /* CalcFirstViewController_iPhone.xib */; };
		35E2D47116E5365E00648AA7 /* CalcFirstViewController_iPad.xib in Resources */ = {isa = PBXBuildFile; fileRef = 35E2D46F16E5365E00648AA7 /* CalcFirstViewController_iPad.xib */; };
		35E2D47416E5365E00648AA7 /* CalcSecondViewController_iPhone.xib in Resources */ = {isa = PBXBuildFile; fileRef = 35E2D47216E5365E00648AA7 /* CalcSecondViewController_iPhone.xib */; };
		35E2D47716E5365E00648AA7 /* CalcSecondViewController_iPad.xib in Resources */ = {isa = PBXBuildFile; fileRef = 35E2D47516E5365E00648AA7 /* CalcSecondViewController_iPad.xib */; };
		35E2D47F16E5365E00648AA7 /* SenTestingKit.framework in Frameworks */ = {isa = PBXBuildFile; fileRef = 35E2D47E16E5365E00648AA7 /* SenTestingKit.framework */; };
		35E2D48016E5365E00648AA7 /* UIKit.framework in Frameworks */ = {isa = PBXBuildFile; fileRef = 35E2D44616E5365E00648AA7 /* UIKit.framework */; };
		35E2D48116E5365E00648AA7 /* Foundation.framework in Frameworks */ = {isa = PBXBuildFile; fileRef = 35E2D44816E5365E00648AA7 /* Foundation.framework */; };
		35E2D48916E5365F00648AA7 /* InfoPlist.strings in Resources */ = {isa = PBXBuildFile; fileRef = 35E2D48716E5365F00648AA7 /* InfoPlist.strings */; };
		35E2D48C16E5365F00648AA7 /* Mental_CalculatorTests.m in Sources */ = {isa = PBXBuildFile; fileRef = 35E2D48B16E5365F00648AA7 /* Mental_CalculatorTests.m */; };
		35F7F65916E6CA6A00169F2C /* Gotham-Medium.ttf in Resources */ = {isa = PBXBuildFile; fileRef = 3565C81516E58D07006ED39D /* Gotham-Medium.ttf */; };
/* End PBXBuildFile section */

/* Begin PBXContainerItemProxy section */
		35E2D48216E5365E00648AA7 /* PBXContainerItemProxy */ = {
			isa = PBXContainerItemProxy;
			containerPortal = 35E2D43B16E5365E00648AA7 /* Project object */;
			proxyType = 1;
			remoteGlobalIDString = 35E2D44216E5365E00648AA7;
			remoteInfo = "Mental Calculator";
		};
/* End PBXContainerItemProxy section */

/* Begin PBXFileReference section */
		3565C80416E57A4D006ED39D /* Button.png */ = {isa = PBXFileReference; lastKnownFileType = image.png; path = Button.png; sourceTree = "<group>"; };
		3565C80516E57A4D006ED39D /* Button@2x.png */ = {isa = PBXFileReference; lastKnownFileType = image.png; path = "Button@2x.png"; sourceTree = "<group>"; };
		3565C80616E57A4D006ED39D /* ButtonHighlighted.png */ = {isa = PBXFileReference; lastKnownFileType = image.png; path = ButtonHighlighted.png; sourceTree = "<group>"; };
		3565C80716E57A4D006ED39D /* ButtonHighlighted@2x.png */ = {isa = PBXFileReference; lastKnownFileType = image.png; path = "ButtonHighlighted@2x.png"; sourceTree = "<group>"; };
		3565C80D16E58D07006ED39D /* Gotham-Book.ttf */ = {isa = PBXFileReference; lastKnownFileType = file; path = "Gotham-Book.ttf"; sourceTree = "<group>"; };
		3565C80E16E58D07006ED39D /* Gotham-Black.ttf */ = {isa = PBXFileReference; lastKnownFileType = file; path = "Gotham-Black.ttf"; sourceTree = "<group>"; };
		3565C80F16E58D07006ED39D /* Gotham-BlackItalic.ttf */ = {isa = PBXFileReference; lastKnownFileType = file; path = "Gotham-BlackItalic.ttf"; sourceTree = "<group>"; };
		3565C81016E58D07006ED39D /* Gotham-Bold.ttf */ = {isa = PBXFileReference; lastKnownFileType = file; path = "Gotham-Bold.ttf"; sourceTree = "<group>"; };
		3565C81116E58D07006ED39D /* Gotham-BoldItalic.ttf */ = {isa = PBXFileReference; lastKnownFileType = file; path = "Gotham-BoldItalic.ttf"; sourceTree = "<group>"; };
		3565C81216E58D07006ED39D /* Gotham-BookItalic.ttf */ = {isa = PBXFileReference; lastKnownFileType = file; path = "Gotham-BookItalic.ttf"; sourceTree = "<group>"; };
		3565C81316E58D07006ED39D /* Gotham-Light.ttf */ = {isa = PBXFileReference; lastKnownFileType = file; path = "Gotham-Light.ttf"; sourceTree = "<group>"; };
		3565C81416E58D07006ED39D /* Gotham-LightItalic.ttf */ = {isa = PBXFileReference; lastKnownFileType = file; path = "Gotham-LightItalic.ttf"; sourceTree = "<group>"; };
		3565C81516E58D07006ED39D /* Gotham-Medium.ttf */ = {isa = PBXFileReference; lastKnownFileType = file; path = "Gotham-Medium.ttf"; sourceTree = "<group>"; };
		3565C81616E58D07006ED39D /* Gotham-MediumItalic.ttf */ = {isa = PBXFileReference; lastKnownFileType = file; path = "Gotham-MediumItalic.ttf"; sourceTree = "<group>"; };
		3565C81716E58D07006ED39D /* Gotham-Thin.ttf */ = {isa = PBXFileReference; lastKnownFileType = file; path = "Gotham-Thin.ttf"; sourceTree = "<group>"; };
		3565C81816E58D07006ED39D /* Gotham-ThinItalic.ttf */ = {isa = PBXFileReference; lastKnownFileType = file; path = "Gotham-ThinItalic.ttf"; sourceTree = "<group>"; };
		3565C81916E58D07006ED39D /* Gotham-Ultra.ttf */ = {isa = PBXFileReference; lastKnownFileType = file; path = "Gotham-Ultra.ttf"; sourceTree = "<group>"; };
		3565C81A16E58D07006ED39D /* Gotham-UltraItalic.ttf */ = {isa = PBXFileReference; lastKnownFileType = file; path = "Gotham-UltraItalic.ttf"; sourceTree = "<group>"; };
		3565C81B16E58D07006ED39D /* Gotham-XLight.ttf */ = {isa = PBXFileReference; lastKnownFileType = file; path = "Gotham-XLight.ttf"; sourceTree = "<group>"; };
		3565C81C16E58D07006ED39D /* Gotham-XLightItalic.ttf */ = {isa = PBXFileReference; lastKnownFileType = file; path = "Gotham-XLightItalic.ttf"; sourceTree = "<group>"; };
		35E2D44316E5365E00648AA7 /* Mental Calculator.app */ = {isa = PBXFileReference; explicitFileType = wrapper.application; includeInIndex = 0; path = "Mental Calculator.app"; sourceTree = BUILT_PRODUCTS_DIR; };
		35E2D44616E5365E00648AA7 /* UIKit.framework */ = {isa = PBXFileReference; lastKnownFileType = wrapper.framework; name = UIKit.framework; path = System/Library/Frameworks/UIKit.framework; sourceTree = SDKROOT; };
		35E2D44816E5365E00648AA7 /* Foundation.framework */ = {isa = PBXFileReference; lastKnownFileType = wrapper.framework; name = Foundation.framework; path = System/Library/Frameworks/Foundation.framework; sourceTree = SDKROOT; };
		35E2D44A16E5365E00648AA7 /* CoreGraphics.framework */ = {isa = PBXFileReference; lastKnownFileType = wrapper.framework; name = CoreGraphics.framework; path = System/Library/Frameworks/CoreGraphics.framework; sourceTree = SDKROOT; };
		35E2D44E16E5365E00648AA7 /* Mental Calculator-Info.plist */ = {isa = PBXFileReference; lastKnownFileType = text.plist.xml; path = "Mental Calculator-Info.plist"; sourceTree = "<group>"; };
		35E2D45016E5365E00648AA7 /* en */ = {isa = PBXFileReference; lastKnownFileType = text.plist.strings; name = en; path = en.lproj/InfoPlist.strings; sourceTree = "<group>"; };
		35E2D45216E5365E00648AA7 /* main.m */ = {isa = PBXFileReference; lastKnownFileType = sourcecode.c.objc; path = main.m; sourceTree = "<group>"; };
		35E2D45416E5365E00648AA7 /* Mental Calculator-Prefix.pch */ = {isa = PBXFileReference; lastKnownFileType = sourcecode.c.h; path = "Mental Calculator-Prefix.pch"; sourceTree = "<group>"; };
		35E2D45516E5365E00648AA7 /* CalcAppDelegate.h */ = {isa = PBXFileReference; lastKnownFileType = sourcecode.c.h; path = CalcAppDelegate.h; sourceTree = "<group>"; };
		35E2D45616E5365E00648AA7 /* CalcAppDelegate.m */ = {isa = PBXFileReference; lastKnownFileType = sourcecode.c.objc; path = CalcAppDelegate.m; sourceTree = "<group>"; };
		35E2D45816E5365E00648AA7 /* Default.png */ = {isa = PBXFileReference; lastKnownFileType = image.png; path = Default.png; sourceTree = "<group>"; };
		35E2D45A16E5365E00648AA7 /* Default@2x.png */ = {isa = PBXFileReference; lastKnownFileType = image.png; path = "Default@2x.png"; sourceTree = "<group>"; };
		35E2D45C16E5365E00648AA7 /* Default-568h@2x.png */ = {isa = PBXFileReference; lastKnownFileType = image.png; path = "Default-568h@2x.png"; sourceTree = "<group>"; };
		35E2D45E16E5365E00648AA7 /* CalcFirstViewController.h */ = {isa = PBXFileReference; lastKnownFileType = sourcecode.c.h; path = CalcFirstViewController.h; sourceTree = "<group>"; };
		35E2D45F16E5365E00648AA7 /* CalcFirstViewController.m */ = {isa = PBXFileReference; lastKnownFileType = sourcecode.c.objc; path = CalcFirstViewController.m; sourceTree = "<group>"; };
		35E2D46116E5365E00648AA7 /* first.png */ = {isa = PBXFileReference; lastKnownFileType = image.png; path = first.png; sourceTree = "<group>"; };
		35E2D46316E5365E00648AA7 /* first@2x.png */ = {isa = PBXFileReference; lastKnownFileType = image.png; path = "first@2x.png"; sourceTree = "<group>"; };
		35E2D46516E5365E00648AA7 /* CalcSecondViewController.h */ = {isa = PBXFileReference; lastKnownFileType = sourcecode.c.h; path = CalcSecondViewController.h; sourceTree = "<group>"; };
		35E2D46616E5365E00648AA7 /* CalcSecondViewController.m */ = {isa = PBXFileReference; lastKnownFileType = sourcecode.c.objc; path = CalcSecondViewController.m; sourceTree = "<group>"; };
		35E2D46816E5365E00648AA7 /* second.png */ = {isa = PBXFileReference; lastKnownFileType = image.png; path = second.png; sourceTree = "<group>"; };
		35E2D46A16E5365E00648AA7 /* second@2x.png */ = {isa = PBXFileReference; lastKnownFileType = image.png; path = "second@2x.png"; sourceTree = "<group>"; };
		35E2D46D16E5365E00648AA7 /* en */ = {isa = PBXFileReference; lastKnownFileType = file.xib; name = en; path = en.lproj/CalcFirstViewController_iPhone.xib; sourceTree = "<group>"; };
		35E2D47016E5365E00648AA7 /* en */ = {isa = PBXFileReference; lastKnownFileType = file.xib; name = en; path = en.lproj/CalcFirstViewController_iPad.xib; sourceTree = "<group>"; };
		35E2D47316E5365E00648AA7 /* en */ = {isa = PBXFileReference; lastKnownFileType = file.xib; name = en; path = en.lproj/CalcSecondViewController_iPhone.xib; sourceTree = "<group>"; };
		35E2D47616E5365E00648AA7 /* en */ = {isa = PBXFileReference; lastKnownFileType = file.xib; name = en; path = en.lproj/CalcSecondViewController_iPad.xib; sourceTree = "<group>"; };
		35E2D47D16E5365E00648AA7 /* Mental CalculatorTests.octest */ = {isa = PBXFileReference; explicitFileType = wrapper.cfbundle; includeInIndex = 0; path = "Mental CalculatorTests.octest"; sourceTree = BUILT_PRODUCTS_DIR; };
		35E2D47E16E5365E00648AA7 /* SenTestingKit.framework */ = {isa = PBXFileReference; lastKnownFileType = wrapper.framework; name = SenTestingKit.framework; path = Library/Frameworks/SenTestingKit.framework; sourceTree = DEVELOPER_DIR; };
		35E2D48616E5365F00648AA7 /* Mental CalculatorTests-Info.plist */ = {isa = PBXFileReference; lastKnownFileType = text.plist.xml; path = "Mental CalculatorTests-Info.plist"; sourceTree = "<group>"; };
		35E2D48816E5365F00648AA7 /* en */ = {isa = PBXFileReference; lastKnownFileType = text.plist.strings; name = en; path = en.lproj/InfoPlist.strings; sourceTree = "<group>"; };
		35E2D48A16E5365F00648AA7 /* Mental_CalculatorTests.h */ = {isa = PBXFileReference; lastKnownFileType = sourcecode.c.h; path = Mental_CalculatorTests.h; sourceTree = "<group>"; };
		35E2D48B16E5365F00648AA7 /* Mental_CalculatorTests.m */ = {isa = PBXFileReference; lastKnownFileType = sourcecode.c.objc; path = Mental_CalculatorTests.m; sourceTree = "<group>"; };
/* End PBXFileReference section */

/* Begin PBXFrameworksBuildPhase section */
		35E2D44016E5365E00648AA7 /* Frameworks */ = {
			isa = PBXFrameworksBuildPhase;
			buildActionMask = 2147483647;
			files = (
				35E2D44716E5365E00648AA7 /* UIKit.framework in Frameworks */,
				35E2D44916E5365E00648AA7 /* Foundation.framework in Frameworks */,
				35E2D44B16E5365E00648AA7 /* CoreGraphics.framework in Frameworks */,
			);
			runOnlyForDeploymentPostprocessing = 0;
		};
		35E2D47916E5365E00648AA7 /* Frameworks */ = {
			isa = PBXFrameworksBuildPhase;
			buildActionMask = 2147483647;
			files = (
				35E2D47F16E5365E00648AA7 /* SenTestingKit.framework in Frameworks */,
				35E2D48016E5365E00648AA7 /* UIKit.framework in Frameworks */,
				35E2D48116E5365E00648AA7 /* Foundation.framework in Frameworks */,
			);
			runOnlyForDeploymentPostprocessing = 0;
		};
/* End PBXFrameworksBuildPhase section */

/* Begin PBXGroup section */
		3565C80316E57A34006ED39D /* Images */ = {
			isa = PBXGroup;
			children = (
				3565C80416E57A4D006ED39D /* Button.png */,
				3565C80516E57A4D006ED39D /* Button@2x.png */,
				3565C80616E57A4D006ED39D /* ButtonHighlighted.png */,
				3565C80716E57A4D006ED39D /* ButtonHighlighted@2x.png */,
			);
			name = Images;
			sourceTree = "<group>";
		};
		3565C80C16E58CF4006ED39D /* Fonts */ = {
			isa = PBXGroup;
			children = (
				3565C80D16E58D07006ED39D /* Gotham-Book.ttf */,
				3565C80E16E58D07006ED39D /* Gotham-Black.ttf */,
				3565C80F16E58D07006ED39D /* Gotham-BlackItalic.ttf */,
				3565C81016E58D07006ED39D /* Gotham-Bold.ttf */,
				3565C81116E58D07006ED39D /* Gotham-BoldItalic.ttf */,
				3565C81216E58D07006ED39D /* Gotham-BookItalic.ttf */,
				3565C81316E58D07006ED39D /* Gotham-Light.ttf */,
				3565C81416E58D07006ED39D /* Gotham-LightItalic.ttf */,
				3565C81516E58D07006ED39D /* Gotham-Medium.ttf */,
				3565C81616E58D07006ED39D /* Gotham-MediumItalic.ttf */,
				3565C81716E58D07006ED39D /* Gotham-Thin.ttf */,
				3565C81816E58D07006ED39D /* Gotham-ThinItalic.ttf */,
				3565C81916E58D07006ED39D /* Gotham-Ultra.ttf */,
				3565C81A16E58D07006ED39D /* Gotham-UltraItalic.ttf */,
				3565C81B16E58D07006ED39D /* Gotham-XLight.ttf */,
				3565C81C16E58D07006ED39D /* Gotham-XLightItalic.ttf */,
			);
			name = Fonts;
			sourceTree = "<group>";
		};
		35E2D43A16E5365E00648AA7 = {
			isa = PBXGroup;
			children = (
				35E2D44C16E5365E00648AA7 /* Mental Calculator */,
				35E2D48416E5365E00648AA7 /* Mental CalculatorTests */,
				35E2D44516E5365E00648AA7 /* Frameworks */,
				35E2D44416E5365E00648AA7 /* Products */,
			);
			sourceTree = "<group>";
		};
		35E2D44416E5365E00648AA7 /* Products */ = {
			isa = PBXGroup;
			children = (
				35E2D44316E5365E00648AA7 /* Mental Calculator.app */,
				35E2D47D16E5365E00648AA7 /* Mental CalculatorTests.octest */,
			);
			name = Products;
			sourceTree = "<group>";
		};
		35E2D44516E5365E00648AA7 /* Frameworks */ = {
			isa = PBXGroup;
			children = (
				35E2D44616E5365E00648AA7 /* UIKit.framework */,
				35E2D44816E5365E00648AA7 /* Foundation.framework */,
				35E2D44A16E5365E00648AA7 /* CoreGraphics.framework */,
				35E2D47E16E5365E00648AA7 /* SenTestingKit.framework */,
			);
			name = Frameworks;
			sourceTree = "<group>";
		};
		35E2D44C16E5365E00648AA7 /* Mental Calculator */ = {
			isa = PBXGroup;
			children = (
				35E2D45516E5365E00648AA7 /* CalcAppDelegate.h */,
				35E2D45616E5365E00648AA7 /* CalcAppDelegate.m */,
				35E2D45E16E5365E00648AA7 /* CalcFirstViewController.h */,
				35E2D45F16E5365E00648AA7 /* CalcFirstViewController.m */,
				35E2D46116E5365E00648AA7 /* first.png */,
				35E2D46316E5365E00648AA7 /* first@2x.png */,
				35E2D46516E5365E00648AA7 /* CalcSecondViewController.h */,
				35E2D46616E5365E00648AA7 /* CalcSecondViewController.m */,
				35E2D46816E5365E00648AA7 /* second.png */,
				35E2D46A16E5365E00648AA7 /* second@2x.png */,
				35E2D46C16E5365E00648AA7 /* CalcFirstViewController_iPhone.xib */,
				35E2D46F16E5365E00648AA7 /* CalcFirstViewController_iPad.xib */,
				35E2D47216E5365E00648AA7 /* CalcSecondViewController_iPhone.xib */,
				35E2D47516E5365E00648AA7 /* CalcSecondViewController_iPad.xib */,
				35E2D44D16E5365E00648AA7 /* Supporting Files */,
			);
			path = "Mental Calculator";
			sourceTree = "<group>";
		};
		35E2D44D16E5365E00648AA7 /* Supporting Files */ = {
			isa = PBXGroup;
			children = (
				3565C80C16E58CF4006ED39D /* Fonts */,
				3565C80316E57A34006ED39D /* Images */,
				35E2D44E16E5365E00648AA7 /* Mental Calculator-Info.plist */,
				35E2D44F16E5365E00648AA7 /* InfoPlist.strings */,
				35E2D45216E5365E00648AA7 /* main.m */,
				35E2D45416E5365E00648AA7 /* Mental Calculator-Prefix.pch */,
				35E2D45816E5365E00648AA7 /* Default.png */,
				35E2D45A16E5365E00648AA7 /* Default@2x.png */,
				35E2D45C16E5365E00648AA7 /* Default-568h@2x.png */,
			);
			name = "Supporting Files";
			sourceTree = "<group>";
		};
		35E2D48416E5365E00648AA7 /* Mental CalculatorTests */ = {
			isa = PBXGroup;
			children = (
				35E2D48A16E5365F00648AA7 /* Mental_CalculatorTests.h */,
				35E2D48B16E5365F00648AA7 /* Mental_CalculatorTests.m */,
				35E2D48516E5365F00648AA7 /* Supporting Files */,
			);
			path = "Mental CalculatorTests";
			sourceTree = "<group>";
		};
		35E2D48516E5365F00648AA7 /* Supporting Files */ = {
			isa = PBXGroup;
			children = (
				35E2D48616E5365F00648AA7 /* Mental CalculatorTests-Info.plist */,
				35E2D48716E5365F00648AA7 /* InfoPlist.strings */,
			);
			name = "Supporting Files";
			sourceTree = "<group>";
		};
/* End PBXGroup section */

/* Begin PBXNativeTarget section */
		35E2D44216E5365E00648AA7 /* Mental Calculator */ = {
			isa = PBXNativeTarget;
			buildConfigurationList = 35E2D48F16E5365F00648AA7 /* Build configuration list for PBXNativeTarget "Mental Calculator" */;
			buildPhases = (
				35E2D43F16E5365E00648AA7 /* Sources */,
				35E2D44016E5365E00648AA7 /* Frameworks */,
				35E2D44116E5365E00648AA7 /* Resources */,
			);
			buildRules = (
			);
			dependencies = (
			);
			name = "Mental Calculator";
			productName = "Mental Calculator";
			productReference = 35E2D44316E5365E00648AA7 /* Mental Calculator.app */;
			productType = "com.apple.product-type.application";
		};
		35E2D47C16E5365E00648AA7 /* Mental CalculatorTests */ = {
			isa = PBXNativeTarget;
			buildConfigurationList = 35E2D49216E5365F00648AA7 /* Build configuration list for PBXNativeTarget "Mental CalculatorTests" */;
			buildPhases = (
				35E2D47816E5365E00648AA7 /* Sources */,
				35E2D47916E5365E00648AA7 /* Frameworks */,
				35E2D47A16E5365E00648AA7 /* Resources */,
				35E2D47B16E5365E00648AA7 /* ShellScript */,
			);
			buildRules = (
			);
			dependencies = (
				35E2D48316E5365E00648AA7 /* PBXTargetDependency */,
			);
			name = "Mental CalculatorTests";
			productName = "Mental CalculatorTests";
			productReference = 35E2D47D16E5365E00648AA7 /* Mental CalculatorTests.octest */;
			productType = "com.apple.product-type.bundle";
		};
/* End PBXNativeTarget section */

/* Begin PBXProject section */
		35E2D43B16E5365E00648AA7 /* Project object */ = {
			isa = PBXProject;
			attributes = {
				CLASSPREFIX = Calc;
				LastUpgradeCheck = 0460;
				ORGANIZATIONNAME = Raj;
			};
			buildConfigurationList = 35E2D43E16E5365E00648AA7 /* Build configuration list for PBXProject "Mental Calculator" */;
			compatibilityVersion = "Xcode 3.2";
			developmentRegion = English;
			hasScannedForEncodings = 0;
			knownRegions = (
				en,
			);
			mainGroup = 35E2D43A16E5365E00648AA7;
			productRefGroup = 35E2D44416E5365E00648AA7 /* Products */;
			projectDirPath = "";
			projectRoot = "";
			targets = (
				35E2D44216E5365E00648AA7 /* Mental Calculator */,
				35E2D47C16E5365E00648AA7 /* Mental CalculatorTests */,
			);
		};
/* End PBXProject section */

/* Begin PBXResourcesBuildPhase section */
		35E2D44116E5365E00648AA7 /* Resources */ = {
			isa = PBXResourcesBuildPhase;
			buildActionMask = 2147483647;
			files = (
				35E2D45116E5365E00648AA7 /* InfoPlist.strings in Resources */,
				35E2D45916E5365E00648AA7 /* Default.png in Resources */,
				35E2D45B16E5365E00648AA7 /* Default@2x.png in Resources */,
				35E2D45D16E5365E00648AA7 /* Default-568h@2x.png in Resources */,
				35E2D46216E5365E00648AA7 /* first.png in Resources */,
				35E2D46416E5365E00648AA7 /* first@2x.png in Resources */,
				35E2D46916E5365E00648AA7 /* second.png in Resources */,
				35E2D46B16E5365E00648AA7 /* second@2x.png in Resources */,
				35E2D46E16E5365E00648AA7 /* CalcFirstViewController_iPhone.xib in Resources */,
				35E2D47116E5365E00648AA7 /* CalcFirstViewController_iPad.xib in Resources */,
				35E2D47416E5365E00648AA7 /* CalcSecondViewController_iPhone.xib in Resources */,
				35E2D47716E5365E00648AA7 /* CalcSecondViewController_iPad.xib in Resources */,
				3565C80816E57A4D006ED39D /* Button.png in Resources */,
				3565C80916E57A4D006ED39D /* Button@2x.png in Resources */,
				3565C80A16E57A4D006ED39D /* ButtonHighlighted.png in Resources */,
				3565C80B16E57A4D006ED39D /* ButtonHighlighted@2x.png in Resources */,
				35F7F65916E6CA6A00169F2C /* Gotham-Medium.ttf in Resources */,
			);
			runOnlyForDeploymentPostprocessing = 0;
		};
		35E2D47A16E5365E00648AA7 /* Resources */ = {
			isa = PBXResourcesBuildPhase;
			buildActionMask = 2147483647;
			files = (
				35E2D48916E5365F00648AA7 /* InfoPlist.strings in Resources */,
				3565C81D16E58D07006ED39D /* Gotham-Book.ttf in Resources */,
				3565C81E16E58D07006ED39D /* Gotham-Black.ttf in Resources */,
				3565C81F16E58D07006ED39D /* Gotham-BlackItalic.ttf in Resources */,
				3565C82016E58D07006ED39D /* Gotham-Bold.ttf in Resources */,
				3565C82116E58D07006ED39D /* Gotham-BoldItalic.ttf in Resources */,
				3565C82216E58D07006ED39D /* Gotham-BookItalic.ttf in Resources */,
				3565C82316E58D07006ED39D /* Gotham-Light.ttf in Resources */,
				3565C82416E58D07006ED39D /* Gotham-LightItalic.ttf in Resources */,
				3565C82516E58D07006ED39D /* Gotham-Medium.ttf in Resources */,
				3565C82616E58D07006ED39D /* Gotham-MediumItalic.ttf in Resources */,
				3565C82716E58D07006ED39D /* Gotham-Thin.ttf in Resources */,
				3565C82816E58D07006ED39D /* Gotham-ThinItalic.ttf in Resources */,
				3565C82916E58D07006ED39D /* Gotham-Ultra.ttf in Resources */,
				3565C82A16E58D07006ED39D /* Gotham-UltraItalic.ttf in Resources */,
				3565C82B16E58D07006ED39D /* Gotham-XLight.ttf in Resources */,
				3565C82C16E58D07006ED39D /* Gotham-XLightItalic.ttf in Resources */,
			);
			runOnlyForDeploymentPostprocessing = 0;
		};
/* End PBXResourcesBuildPhase section */

/* Begin PBXShellScriptBuildPhase section */
		35E2D47B16E5365E00648AA7 /* ShellScript */ = {
			isa = PBXShellScriptBuildPhase;
			buildActionMask = 2147483647;
			files = (
			);
			inputPaths = (
			);
			outputPaths = (
			);
			runOnlyForDeploymentPostprocessing = 0;
			shellPath = /bin/sh;
			shellScript = "# Run the unit tests in this test bundle.\n\"${SYSTEM_DEVELOPER_DIR}/Tools/RunUnitTests\"\n";
		};
/* End PBXShellScriptBuildPhase section */

/* Begin PBXSourcesBuildPhase section */
		35E2D43F16E5365E00648AA7 /* Sources */ = {
			isa = PBXSourcesBuildPhase;
			buildActionMask = 2147483647;
			files = (
				35E2D45316E5365E00648AA7 /* main.m in Sources */,
				35E2D45716E5365E00648AA7 /* CalcAppDelegate.m in Sources */,
				35E2D46016E5365E00648AA7 /* CalcFirstViewController.m in Sources */,
				35E2D46716E5365E00648AA7 /* CalcSecondViewController.m in Sources */,
			);
			runOnlyForDeploymentPostprocessing = 0;
		};
		35E2D47816E5365E00648AA7 /* Sources */ = {
			isa = PBXSourcesBuildPhase;
			buildActionMask = 2147483647;
			files = (
				35E2D48C16E5365F00648AA7 /* Mental_CalculatorTests.m in Sources */,
			);
			runOnlyForDeploymentPostprocessing = 0;
		};
/* End PBXSourcesBuildPhase section */

/* Begin PBXTargetDependency section */
		35E2D48316E5365E00648AA7 /* PBXTargetDependency */ = {
			isa = PBXTargetDependency;
			target = 35E2D44216E5365E00648AA7 /* Mental Calculator */;
			targetProxy = 35E2D48216E5365E00648AA7 /* PBXContainerItemProxy */;
		};
/* End PBXTargetDependency section */

/* Begin PBXVariantGroup section */
		35E2D44F16E5365E00648AA7 /* InfoPlist.strings */ = {
			isa = PBXVariantGroup;
			children = (
				35E2D45016E5365E00648AA7 /* en */,
			);
			name = InfoPlist.strings;
			sourceTree = "<group>";
		};
		35E2D46C16E5365E00648AA7 /* CalcFirstViewController_iPhone.xib */ = {
			isa = PBXVariantGroup;
			children = (
				35E2D46D16E5365E00648AA7 /* en */,
			);
			name = CalcFirstViewController_iPhone.xib;
			sourceTree = "<group>";
		};
		35E2D46F16E5365E00648AA7 /* CalcFirstViewController_iPad.xib */ = {
			isa = PBXVariantGroup;
			children = (
				35E2D47016E5365E00648AA7 /* en */,
			);
			name = CalcFirstViewController_iPad.xib;
			sourceTree = "<group>";
		};
		35E2D47216E5365E00648AA7 /* CalcSecondViewController_iPhone.xib */ = {
			isa = PBXVariantGroup;
			children = (
				35E2D47316E5365E00648AA7 /* en */,
			);
			name = CalcSecondViewController_iPhone.xib;
			sourceTree = "<group>";
		};
		35E2D47516E5365E00648AA7 /* CalcSecondViewController_iPad.xib */ = {
			isa = PBXVariantGroup;
			children = (
				35E2D47616E5365E00648AA7 /* en */,
			);
			name = CalcSecondViewController_iPad.xib;
			sourceTree = "<group>";
		};
		35E2D48716E5365F00648AA7 /* InfoPlist.strings */ = {
			isa = PBXVariantGroup;
			children = (
				35E2D48816E5365F00648AA7 /* en */,
			);
			name = InfoPlist.strings;
			sourceTree = "<group>";
		};
/* End PBXVariantGroup section */

/* Begin XCBuildConfiguration section */
		35E2D48D16E5365F00648AA7 /* Debug */ = {
			isa = XCBuildConfiguration;
			buildSettings = {
				ALWAYS_SEARCH_USER_PATHS = NO;
				CLANG_CXX_LANGUAGE_STANDARD = "gnu++0x";
				CLANG_CXX_LIBRARY = "libc++";
				CLANG_ENABLE_OBJC_ARC = YES;
				CLANG_WARN_CONSTANT_CONVERSION = YES;
				CLANG_WARN_EMPTY_BODY = YES;
				CLANG_WARN_ENUM_CONVERSION = YES;
				CLANG_WARN_INT_CONVERSION = YES;
				CLANG_WARN__DUPLICATE_METHOD_MATCH = YES;
				"CODE_SIGN_IDENTITY[sdk=iphoneos*]" = "iPhone Developer";
				COPY_PHASE_STRIP = NO;
				GCC_C_LANGUAGE_STANDARD = gnu99;
				GCC_DYNAMIC_NO_PIC = NO;
				GCC_OPTIMIZATION_LEVEL = 0;
				GCC_PREPROCESSOR_DEFINITIONS = (
					"DEBUG=1",
					"$(inherited)",
				);
				GCC_SYMBOLS_PRIVATE_EXTERN = NO;
				GCC_WARN_ABOUT_RETURN_TYPE = YES;
				GCC_WARN_UNINITIALIZED_AUTOS = YES;
				GCC_WARN_UNUSED_VARIABLE = YES;
				IPHONEOS_DEPLOYMENT_TARGET = 6.1;
				ONLY_ACTIVE_ARCH = YES;
				SDKROOT = iphoneos;
				TARGETED_DEVICE_FAMILY = "1,2";
			};
			name = Debug;
		};
		35E2D48E16E5365F00648AA7 /* Release */ = {
			isa = XCBuildConfiguration;
			buildSettings = {
				ALWAYS_SEARCH_USER_PATHS = NO;
				CLANG_CXX_LANGUAGE_STANDARD = "gnu++0x";
				CLANG_CXX_LIBRARY = "libc++";
				CLANG_ENABLE_OBJC_ARC = YES;
				CLANG_WARN_CONSTANT_CONVERSION = YES;
				CLANG_WARN_EMPTY_BODY = YES;
				CLANG_WARN_ENUM_CONVERSION = YES;
				CLANG_WARN_INT_CONVERSION = YES;
				CLANG_WARN__DUPLICATE_METHOD_MATCH = YES;
				"CODE_SIGN_IDENTITY[sdk=iphoneos*]" = "iPhone Developer";
				COPY_PHASE_STRIP = YES;
				GCC_C_LANGUAGE_STANDARD = gnu99;
				GCC_WARN_ABOUT_RETURN_TYPE = YES;
				GCC_WARN_UNINITIALIZED_AUTOS = YES;
				GCC_WARN_UNUSED_VARIABLE = YES;
				IPHONEOS_DEPLOYMENT_TARGET = 6.1;
				OTHER_CFLAGS = "-DNS_BLOCK_ASSERTIONS=1";
				SDKROOT = iphoneos;
				TARGETED_DEVICE_FAMILY = "1,2";
				VALIDATE_PRODUCT = YES;
			};
			name = Release;
		};
		35E2D49016E5365F00648AA7 /* Debug */ = {
			isa = XCBuildConfiguration;
			buildSettings = {
				GCC_PRECOMPILE_PREFIX_HEADER = YES;
				GCC_PREFIX_HEADER = "Mental Calculator/Mental Calculator-Prefix.pch";
				INFOPLIST_FILE = "Mental Calculator/Mental Calculator-Info.plist";
				PRODUCT_NAME = "$(TARGET_NAME)";
				WRAPPER_EXTENSION = app;
			};
			name = Debug;
		};
		35E2D49116E5365F00648AA7 /* Release */ = {
			isa = XCBuildConfiguration;
			buildSettings = {
				GCC_PRECOMPILE_PREFIX_HEADER = YES;
				GCC_PREFIX_HEADER = "Mental Calculator/Mental Calculator-Prefix.pch";
				INFOPLIST_FILE = "Mental Calculator/Mental Calculator-Info.plist";
				PRODUCT_NAME = "$(TARGET_NAME)";
				WRAPPER_EXTENSION = app;
			};
			name = Release;
		};
		35E2D49316E5365F00648AA7 /* Debug */ = {
			isa = XCBuildConfiguration;
			buildSettings = {
				BUNDLE_LOADER = "$(BUILT_PRODUCTS_DIR)/Mental Calculator.app/Mental Calculator";
				FRAMEWORK_SEARCH_PATHS = (
					"\"$(SDKROOT)/Developer/Library/Frameworks\"",
					"\"$(DEVELOPER_LIBRARY_DIR)/Frameworks\"",
				);
				GCC_PRECOMPILE_PREFIX_HEADER = YES;
				GCC_PREFIX_HEADER = "Mental Calculator/Mental Calculator-Prefix.pch";
				INFOPLIST_FILE = "Mental CalculatorTests/Mental CalculatorTests-Info.plist";
				PRODUCT_NAME = "$(TARGET_NAME)";
				TEST_HOST = "$(BUNDLE_LOADER)";
				WRAPPER_EXTENSION = octest;
			};
			name = Debug;
		};
		35E2D49416E5365F00648AA7 /* Release */ = {
			isa = XCBuildConfiguration;
			buildSettings = {
				BUNDLE_LOADER = "$(BUILT_PRODUCTS_DIR)/Mental Calculator.app/Mental Calculator";
				FRAMEWORK_SEARCH_PATHS = (
					"\"$(SDKROOT)/Developer/Library/Frameworks\"",
					"\"$(DEVELOPER_LIBRARY_DIR)/Frameworks\"",
				);
				GCC_PRECOMPILE_PREFIX_HEADER = YES;
				GCC_PREFIX_HEADER = "Mental Calculator/Mental Calculator-Prefix.pch";
				INFOPLIST_FILE = "Mental CalculatorTests/Mental CalculatorTests-Info.plist";
				PRODUCT_NAME = "$(TARGET_NAME)";
				TEST_HOST = "$(BUNDLE_LOADER)";
				WRAPPER_EXTENSION = octest;
			};
			name = Release;
		};
/* End XCBuildConfiguration section */

/* Begin XCConfigurationList section */
		35E2D43E16E5365E00648AA7 /* Build configuration list for PBXProject "Mental Calculator" */ = {
			isa = XCConfigurationList;
			buildConfigurations = (
				35E2D48D16E5365F00648AA7 /* Debug */,
				35E2D48E16E5365F00648AA7 /* Release */,
			);
			defaultConfigurationIsVisible = 0;
			defaultConfigurationName = Release;
		};
		35E2D48F16E5365F00648AA7 /* Build configuration list for PBXNativeTarget "Mental Calculator" */ = {
			isa = XCConfigurationList;
			buildConfigurations = (
				35E2D49016E5365F00648AA7 /* Debug */,
				35E2D49116E5365F00648AA7 /* Release */,
			);
			defaultConfigurationIsVisible = 0;
			defaultConfigurationName = Release;
		};
		35E2D49216E5365F00648AA7 /* Build configuration list for PBXNativeTarget "Mental CalculatorTests" */ = {
			isa = XCConfigurationList;
			buildConfigurations = (
				35E2D49316E5365F00648AA7 /* Debug */,
				35E2D49416E5365F00648AA7 /* Release */,
			);
			defaultConfigurationIsVisible = 0;
			defaultConfigurationName = Release;
		};
/* End XCConfigurationList section */
	};
	rootObject = 35E2D43B16E5365E00648AA7 /* Project object */;
}
